
Microsoft Visual Studio Solution File, Format Version 12.00
# Visual Studio 15
VisualStudioVersion = 15.0.27004.2006
MinimumVisualStudioVersion = 10.0.40219.1
Project("{FAE04EC0-301F-11D3-BF4B-00C04F79EFBC}") = "BDChef.WebUI", "BDChef.WebUI\BDChef.WebUI.csproj", "{F26EE47F-02E1-4CF4-B329-8D248C21AD78}"
EndProject
Project("{FAE04EC0-301F-11D3-BF4B-00C04F79EFBC}") = "BDChef.Service", "BDChef.Service\BDChef.Service.csproj", "{627F1D46-21A9-46A0-8DB6-226357AF14E7}"
EndProject
Project("{FAE04EC0-301F-11D3-BF4B-00C04F79EFBC}") = "BDChef.Data", "BDChef.Data\BDChef.Data.csproj", "{14D4AFE4-8695-4B5B-A181-CEF286F5F8CD}"
EndProject
Project("{FAE04EC0-301F-11D3-BF4B-00C04F79EFBC}") = "BDChef.Domain", "BDChef.Domain\BDChef.Domain.csproj", "{96C5D1BD-519F-4DA4-91F6-40F2279014E6}"
EndProject
Global
	GlobalSection(SolutionConfigurationPlatforms) = preSolution
		Debug|Any CPU = Debug|Any CPU
		Release|Any CPU = Release|Any CPU
	EndGlobalSection
	GlobalSection(ProjectConfigurationPlatforms) = postSolution
		{F26EE47F-02E1-4CF4-B329-8D248C21AD78}.Debug|Any CPU.ActiveCfg = Debug|Any CPU
		{F26EE47F-02E1-4CF4-B329-8D248C21AD78}.Debug|Any CPU.Build.0 = Debug|Any CPU
		{F26EE47F-02E1-4CF4-B329-8D248C21AD78}.Release|Any CPU.ActiveCfg = Release|Any CPU
		{F26EE47F-02E1-4CF4-B329-8D248C21AD78}.Release|Any CPU.Build.0 = Release|Any CPU
		{627F1D46-21A9-46A0-8DB6-226357AF14E7}.Debug|Any CPU.ActiveCfg = Debug|Any CPU
		{627F1D46-21A9-46A0-8DB6-226357AF14E7}.Debug|Any CPU.Build.0 = Debug|Any CPU
		{627F1D46-21A9-46A0-8DB6-226357AF14E7}.Release|Any CPU.ActiveCfg = Release|Any CPU
		{627F1D46-21A9-46A0-8DB6-226357AF14E7}.Release|Any CPU.Build.0 = Release|Any CPU
		{14D4AFE4-8695-4B5B-A181-CEF286F5F8CD}.Debug|Any CPU.ActiveCfg = Debug|Any CPU
		{14D4AFE4-8695-4B5B-A181-CEF286F5F8CD}.Debug|Any CPU.Build.0 = Debug|Any CPU
		{14D4AFE4-8695-4B5B-A181-CEF286F5F8CD}.Release|Any CPU.ActiveCfg = Release|Any CPU
		{14D4AFE4-8695-4B5B-A181-CEF286F5F8CD}.Release|Any CPU.Build.0 = Release|Any CPU
		{96C5D1BD-519F-4DA4-91F6-40F2279014E6}.Debug|Any CPU.ActiveCfg = Debug|Any CPU
		{96C5D1BD-519F-4DA4-91F6-40F2279014E6}.Debug|Any CPU.Build.0 = Debug|Any CPU
		{96C5D1BD-519F-4DA4-91F6-40F2279014E6}.Release|Any CPU.ActiveCfg = Release|Any CPU
		{96C5D1BD-519F-4DA4-91F6-40F2279014E6}.Release|Any CPU.Build.0 = Release|Any CPU
	EndGlobalSection
	GlobalSection(SolutionProperties) = preSolution
		HideSolutionNode = FALSE
	EndGlobalSection
	GlobalSection(ExtensibilityGlobals) = postSolution
		SolutionGuid = {2FA6359B-C722-4588-8C57-225044D0C0AA}
	EndGlobalSection
EndGlobal
